{
  "name": "activity_server",
  "version": "1.0.0",
  "lockfileVersion": 1,
  "requires": true,
  "dependencies": {
    "tracker": {
      "version": "file:../../Wk4/lab4/lab_activity/tracker/tracker-0.1.5.tgz",
      "integrity": "sha512-KpFvdl1bCm01kMqbx4/pcBvJX/r2fxFTj9LEDyUYH/K6Mr08IHhjwKXZ3CVx7JoLnp4By6YOXOiZ0EW++SNYGQ=="
    }
  }
}
